# DO NOT EDIT MANUALLY — generated by skillspace install
version: 1
generated: 2026-06-07T10:05:45.003Z
skills:
  code-auditor-1780744567560:
    version: 1.0.0
    resolved: http://localhost:3001/api/packages/code-auditor-1780744567560/1.0.0/download
    checksum: sha256:f91499e86fb499fc74b5d25b67a19023609d3b1687533d67081d1f9d4698da34
  code-auditor-1780745311249:
    version: 1.0.0
    resolved: http://localhost:3001/api/packages/code-auditor-1780745311249/1.0.0/download
    checksum: sha256:445b1c21439de7945f95f4049fca01477b61060e4b7d4790cf56c00065b51862
  code-auditor-1780745451228:
    version: 1.0.1
    resolved: http://localhost:3001/api/packages/code-auditor-1780745451228/1.0.1/download
    checksum: sha256:2677c69f2918888bacc7be537fb31d881c43790d9ee9eb9a37d81cea1d538d2e
  code-auditor-1780745651053:
    version: 1.0.1
    resolved: http://localhost:3001/api/packages/code-auditor-1780745651053/1.0.1/download
    checksum: sha256:2c7a96a167a3ad97aeb118706d939de30c299119f0802c738dd8add923f5a606
  code-auditor-1780745991101:
    version: 1.0.1
    resolved: http://localhost:3001/api/packages/code-auditor-1780745991101/1.0.1/download
    checksum: sha256:6d176bea8d2560fd96d028ffdf37bc2acb87ecd6ab2d6dd65e6539eb05a0b002
  code-auditor-1780746364740:
    version: 1.0.1
    resolved: http://localhost:3001/api/packages/code-auditor-1780746364740/1.0.1/download
    checksum: sha256:be629b46330af142752a8c23f0bdd0e982a4e1206e48f44c0c3c0b56e179ae1b
  code-auditor-1780746989493:
    version: 1.0.1
    resolved: http://localhost:3001/api/packages/code-auditor-1780746989493/1.0.1/download
    checksum: sha256:142c88a8611ea84345fed8a0feebf64c4b959262b183881ed30f97a15f2c881c
  code-auditor-1780747189278:
    version: 1.0.1
    resolved: http://localhost:3001/api/packages/code-auditor-1780747189278/1.0.1/download
    checksum: sha256:ffdf5f924db23ee39d11c9b53ebdd4afc11244bbbde0e164cf5ffecb635fcd29
  code-auditor-1780747557124:
    version: 1.0.1
    resolved: http://localhost:3001/api/packages/code-auditor-1780747557124/1.0.1/download
    checksum: sha256:0d1f5b8e04bc6bf246fe21107f249af4eaa517607c417ec75b6d6c0e672ddc49
  code-auditor-1780816391754:
    version: 1.0.1
    resolved: http://localhost:3001/api/packages/code-auditor-1780816391754/1.0.1/download
    checksum: sha256:5eb9a34be7d7567bcc252b2f7497efde3410ba8894e10d28a76a28f977cc128b
  code-auditor-1780816615187:
    version: 1.0.1
    resolved: http://localhost:3001/api/packages/code-auditor-1780816615187/1.0.1/download
    checksum: sha256:6239754f7741d7e0850e3dd9dc00d9f3271e7749d3fad6a8e22a377b464f55ea
  code-auditor-1780816768500:
    version: 1.0.1
    resolved: http://localhost:3001/api/packages/code-auditor-1780816768500/1.0.1/download
    checksum: sha256:cf0fb1b841504df2394573ac5a6d835120362d9a6427eb376cfeb9862979df94
  code-auditor-1780816890076:
    version: 1.0.0
    resolved: http://localhost:3001/api/packages/code-auditor-1780816890076/1.0.0/download
    checksum: sha256:52cca1c35b6524de2f852f9d02caaa84b92ee4cb821d5289c49d6052071d0d91
  code-auditor-1780816991691:
    version: 1.0.1
    resolved: http://localhost:3001/api/packages/code-auditor-1780816991691/1.0.1/download
    checksum: sha256:549ce51e56f3bc5ac5404855b30565d1c7ec93901935179e0cd2e6a48801883f
  code-auditor-1780817155287:
    version: 1.0.0
    resolved: http://localhost:3001/api/packages/code-auditor-1780817155287/1.0.0/download
    checksum: sha256:342776772dbad813dc3ab67777cb0b481ff9daead6fc899400425b1c405433d6
  code-auditor-1780817296159:
    version: 1.0.1
    resolved: http://localhost:3001/api/packages/code-auditor-1780817296159/1.0.1/download
    checksum: sha256:90637d92bc6693a57f12647526a3e44b0dcfd464b5c6d046f7673829a81a0f5f
  code-auditor-1780817422128:
    version: 1.0.1
    resolved: http://localhost:3001/api/packages/code-auditor-1780817422128/1.0.1/download
    checksum: sha256:cbac87304e28991da50f459e2bb6679965b78931160cd96cf65e13727075f942
  code-auditor-1780817543697:
    version: 1.0.1
    resolved: http://localhost:3001/api/packages/code-auditor-1780817543697/1.0.1/download
    checksum: sha256:fddeb7262fe23a90c3d29e9508dc09237fa4f74c89871ebf9004dd9209d7dd94
  code-auditor-1780817667378:
    version: 1.0.1
    resolved: http://localhost:3001/api/packages/code-auditor-1780817667378/1.0.1/download
    checksum: sha256:8b22530dc5bde50dcb418677a3769eee521093760d13bd6fd41d04c335467c84
  code-auditor-1780818186563:
    version: 1.0.1
    resolved: http://localhost:3001/api/packages/code-auditor-1780818186563/1.0.1/download
    checksum: sha256:77ae80feb01377539084543c52c5830349bae74a6b8cc06794292dda5456440e
  code-auditor-1780818548713:
    version: 1.0.1
    resolved: http://localhost:3001/api/packages/code-auditor-1780818548713/1.0.1/download
    checksum: sha256:d1cb60cb95b3062a20deb6c0fca737a5c3764141f02a20ed5fa75ef7500b6df8
  code-auditor-1780818734783:
    version: 1.0.1
    resolved: http://localhost:3001/api/packages/code-auditor-1780818734783/1.0.1/download
    checksum: sha256:0839be51ea425695a1cfce0dcde06b23b7b1f103cdaa9fcaead06baa01d460fc
  code-auditor-1780818852374:
    version: 1.0.0
    resolved: http://localhost:3001/api/packages/code-auditor-1780818852374/1.0.0/download
    checksum: sha256:41f349ffbb4e16d2ecbf11ff48324c1cf76cc6e12d90b134351e85f26c8383ae
  code-auditor-1780818968305:
    version: 1.0.0
    resolved: http://127.0.0.1:3001/api/packages/code-auditor-1780818968305/1.0.0/download
    checksum: sha256:67eaa0be9680f935449477710cdd1ad9df20ecf0e9fa1781036ef7f47a5a560f
  code-auditor-1780819173618:
    version: 1.0.0
    resolved: http://127.0.0.1:3001/api/packages/code-auditor-1780819173618/1.0.0/download
    checksum: sha256:27ee2d98b5ed615c2c5c214dc405e5c9024e8c39dce4a463ee3d3e4a5d3f9cc2
  code-auditor-1780819399038:
    version: 1.0.0
    resolved: http://127.0.0.1:3001/api/packages/code-auditor-1780819399038/1.0.0/download
    checksum: sha256:63df954b554af72902a81c8a32459124c6f0d899c661c39f1782c88bfc749182
  code-auditor-1780819500619:
    version: 1.0.0
    resolved: http://127.0.0.1:3001/api/packages/code-auditor-1780819500619/1.0.0/download
    checksum: sha256:d3c96f79a009cae0b7778ad4ddae4ee45cee8823c7d767b6bf6ad0e77aba7e13
  code-auditor-1780819716555:
    version: 1.0.0
    resolved: http://127.0.0.1:3001/api/packages/code-auditor-1780819716555/1.0.0/download
    checksum: sha256:5de48f6569e901dbd39c78892529b8ede33b66416eee39fad6a68256f4ae5ef5
  code-auditor-1780819791401:
    version: 1.0.0
    resolved: http://127.0.0.1:3001/api/packages/code-auditor-1780819791401/1.0.0/download
    checksum: sha256:5e5349db4ca4028b3dc51baa5c247a5f02dccf9094f0c70e04cf63a9ea0997a2
  code-auditor-1780819901337:
    version: 1.0.0
    resolved: http://127.0.0.1:3001/api/packages/code-auditor-1780819901337/1.0.0/download
    checksum: sha256:3e030d39d4e46cc8e09dad5dc9362234f2e4b3fa968b2724273af99717875b2b
  code-auditor-1780819985755:
    version: 1.0.0
    resolved: http://127.0.0.1:3001/api/packages/code-auditor-1780819985755/1.0.0/download
    checksum: sha256:48447cd3cf22f7d84632095d6c7040dc30b580dabb977e9fff151a8d6be86a20
  code-auditor-1780820059680:
    version: 1.0.0
    resolved: http://127.0.0.1:3001/api/packages/code-auditor-1780820059680/1.0.0/download
    checksum: sha256:5e38ca52e5fbce67265281af23b7b6466ef800cbf2640b78a63eb1b402c9f4d1
  code-auditor-1780826706838:
    version: 1.0.0
    resolved: http://127.0.0.1:3001/api/packages/code-auditor-1780826706838/1.0.0/download
    checksum: sha256:676fa6f502df914277fd69618c123261cf44e22135c94048e190839c5d953d30
  malicious-agent-1780818904859:
    version: 1.0.1
    resolved: http://localhost:3001/api/packages/malicious-agent-1780818904859/1.0.1/download
    checksum: sha256:5c44cd9ee64db487a99960073d6244bf66fc4f422e6f455b590332dc617d59ac
  malicious-agent-1780819017741:
    version: 1.0.1
    resolved: http://127.0.0.1:3001/api/packages/malicious-agent-1780819017741/1.0.1/download
    checksum: sha256:21c2313c2f8d23a60dd11a1971bea5afca496cce5bd4c3f5b3a311ece03bdf02
  malicious-agent-1780819222694:
    version: 1.0.1
    resolved: http://127.0.0.1:3001/api/packages/malicious-agent-1780819222694/1.0.1/download
    checksum: sha256:4f07e1f6937a9cf7165ef298c79b7c087879749d107358a069f0d7132b5ee720
  malicious-agent-1780819448770:
    version: 1.0.1
    resolved: http://127.0.0.1:3001/api/packages/malicious-agent-1780819448770/1.0.1/download
    checksum: sha256:3fc27deee4f3d5f8d3ee8c557bb9721914806908bbe0b20a9178349c6a7a8b89
  malicious-agent-1780819551142:
    version: 1.0.1
    resolved: http://127.0.0.1:3001/api/packages/malicious-agent-1780819551142/1.0.1/download
    checksum: sha256:42596f282e13ed75c22e7cdc0ce68eff2432ff37032f466d1bb4ba9a077856b6
  malicious-agent-1780819736363:
    version: 1.0.1
    resolved: http://127.0.0.1:3001/api/packages/malicious-agent-1780819736363/1.0.1/download
    checksum: sha256:cd4bac78580660ced3c999a12b9a31c23156787586950df23c3e03146c6eb511
  malicious-agent-1780819812450:
    version: 1.0.1
    resolved: http://127.0.0.1:3001/api/packages/malicious-agent-1780819812450/1.0.1/download
    checksum: sha256:f791fa12bf35cb286acc680957d4968a64c436ff54bac782b5f45e8888b4c117
  malicious-agent-1780819925446:
    version: 1.0.1
    resolved: http://127.0.0.1:3001/api/packages/malicious-agent-1780819925446/1.0.1/download
    checksum: sha256:be9c8b4386dd736d18ece6478b9c602df20f254da582e553075cdf2769735116
  malicious-agent-1780820005209:
    version: 1.0.1
    resolved: http://127.0.0.1:3001/api/packages/malicious-agent-1780820005209/1.0.1/download
    checksum: sha256:e15d0b159e7e3d3078025b0d7c0f9faee001c1da81023fcfdd6ae171d1bb4afe
  malicious-agent-1780820081414:
    version: 1.0.1
    resolved: http://127.0.0.1:3001/api/packages/malicious-agent-1780820081414/1.0.1/download
    checksum: sha256:9e089272c3cc2fba701bd244d4f2b46aae482d17332d57f463caa593322109b3
  malicious-agent-1780826725914:
    version: 1.0.1
    resolved: http://127.0.0.1:3001/api/packages/malicious-agent-1780826725914/1.0.1/download
    checksum: sha256:1c15c34ac7b33c6f6bfda1f9c4bf3c3d3d0a63b2a159e34cfb2414e4459d2e93
  release-review-1780744590051:
    version: 1.0.0
    resolved: http://localhost:3001/api/packages/release-review-1780744590051/1.0.0/download
    checksum: sha256:d94fd74933aa7b59de1e9970300fd8151eed5e5e6fee9e687328b84d84a71068
  release-review-1780745292312:
    version: 1.0.0
    resolved: http://localhost:3001/api/packages/release-review-1780745292312/1.0.0/download
    checksum: sha256:b3cc58ee0d5cb5716c1aaa0742044e0b24e32f0261c5e106d8897e1be29b3d21
  release-review-1780745687403:
    version: 1.0.0
    resolved: http://localhost:3001/api/packages/release-review-1780745687403/1.0.0/download
    checksum: sha256:9fea8e814502a780604b9c058ae0a290b11a4219417a66bc89605d607c2e8769
  release-review-1780746020793:
    version: 1.0.0
    resolved: http://localhost:3001/api/packages/release-review-1780746020793/1.0.0/download
    checksum: sha256:2935abeb27d3de19911947a79d749be5d531ec47d2ba2cdc73a6e08308d68c13
  release-review-1780746396511:
    version: 1.0.0
    resolved: http://localhost:3001/api/packages/release-review-1780746396511/1.0.0/download
    checksum: sha256:cf90e3e4be6103c32b5dafcf6ebe6f61d4e3467430978c7f47a777c5f925a9bd
  release-review-1780747217452:
    version: 1.0.0
    resolved: http://localhost:3001/api/packages/release-review-1780747217452/1.0.0/download
    checksum: sha256:6bc80bc87a88fcb8653e05933b206200501122610001fe3a0a01fcb95ba60ed9
  release-review-1780816309264:
    version: 1.0.0
    resolved: http://localhost:3001/api/packages/release-review-1780816309264/1.0.0/download
    checksum: sha256:4f2adfce37e9b35d08db9a46889eee3fd147e631dc1c9aa4d05e5998a9964e93
  release-review-1780816426150:
    version: 1.0.0
    resolved: http://localhost:3001/api/packages/release-review-1780816426150/1.0.0/download
    checksum: sha256:b045dbc7f486f4308258e1b2aa3ec1a762669045eccb95d4b650b67b08acce37
  release-review-1780816643949:
    version: 1.0.0
    resolved: http://localhost:3001/api/packages/release-review-1780816643949/1.0.0/download
    checksum: sha256:d93f32ff4211788dd7d4bb573551bafd019eaf3e80a1ae1cccb264a4c140c8de
  release-review-1780816742366:
    version: 1.0.0
    resolved: http://localhost:3001/api/packages/release-review-1780816742366/1.0.0/download
    checksum: sha256:aefd6152c9f65c7c35d83b053241c55307631208c12040fb001bd05c7269060f
  release-review-1780816866362:
    version: 1.0.0
    resolved: http://localhost:3001/api/packages/release-review-1780816866362/1.0.0/download
    checksum: sha256:3ef1e7670d01eab91370714db892989ac8cd76b983ecd8c1caef5346a60e918a
  release-review-1780816963520:
    version: 1.0.0
    resolved: http://localhost:3001/api/packages/release-review-1780816963520/1.0.0/download
    checksum: sha256:f5d043a7a7465d1de6bc8f6ab96cb71aa23ad91866e1a348ff950ec78c81d1c3
  release-review-1780817131964:
    version: 1.0.0
    resolved: http://localhost:3001/api/packages/release-review-1780817131964/1.0.0/download
    checksum: sha256:e65b72fcd05016a8a097d9b88d97a9bfcddc63c5092bc95f6ce55aef2a1e523e
  release-review-1780817274286:
    version: 1.0.0
    resolved: http://localhost:3001/api/packages/release-review-1780817274286/1.0.0/download
    checksum: sha256:549cebf12912be84123789f772f5deac89277a62fa210b30014b8e3c9befc106
  release-review-1780817397816:
    version: 1.0.0
    resolved: http://localhost:3001/api/packages/release-review-1780817397816/1.0.0/download
    checksum: sha256:76b36dc0aa8b13c4c6504afde2f4a2c27fb5164d35e29b33b7e2d45a2b86adb3
  release-review-1780817515042:
    version: 1.0.0
    resolved: http://localhost:3001/api/packages/release-review-1780817515042/1.0.0/download
    checksum: sha256:58e8747e1307b69e74b7dae90e3b4683fc1493b84236c01d0250d27c26afedbd
  release-review-1780817725832:
    version: 1.0.0
    resolved: http://localhost:3001/api/packages/release-review-1780817725832/1.0.0/download
    checksum: sha256:08bf4275dbf5604e86375319ffbfbc154956366e8169347e86946d882b41e0ee
  release-review-1780818244127:
    version: 1.0.0
    resolved: http://localhost:3001/api/packages/release-review-1780818244127/1.0.0/download
    checksum: sha256:c32f3dee1fac0d1728c3c4a9bbb76c263a4feebf53246cc576bb53934b498632
  release-review-1780818465879:
    version: 1.0.0
    resolved: http://localhost:3001/api/packages/release-review-1780818465879/1.0.0/download
    checksum: sha256:36735c90da56a67dcae55cca85b231a7bd152562411fc1f561914164e4e84c86
  release-review-1780818652642:
    version: 1.0.0
    resolved: http://localhost:3001/api/packages/release-review-1780818652642/1.0.0/download
    checksum: sha256:660b399408b1bff8edba62d938c2be7dc20d1a4d8efa67fc19990cfb197f90fb
  release-review-1780819092085:
    version: 1.0.0
    resolved: http://127.0.0.1:3001/api/packages/release-review-1780819092085/1.0.0/download
    checksum: sha256:f6c1e0579d874f486164df221e1d23bdaba81d51cdb0cbc1a00230447ee25db9
  release-review-1780819683630:
    version: 1.0.0
    resolved: http://127.0.0.1:3001/api/packages/release-review-1780819683630/1.0.0/download
    checksum: sha256:8bbdb64d5992e18050954b1650c57b3e6cbd711edfc56ddf7f7d0fdcd9dea469
  release-review-1780820086181:
    version: 1.0.0
    resolved: http://127.0.0.1:3001/api/packages/release-review-1780820086181/1.0.0/download
    checksum: sha256:88698fc9d727bd171a10ee176c54b469eac5a4bb655fa5db39d3731840f6cb7d
  release-review-1780826729227:
    version: 1.0.0
    resolved: http://127.0.0.1:3001/api/packages/release-review-1780826729227/1.0.0/download
    checksum: sha256:2d6617d68d7aab1fe4f1a4fddb6613cfd62b7ebb866c84936046e7172c3fa0e7
  some-skill:
    version: 1.0.0
    resolved: http://localhost:3001/api/packages/some-skill/1.0.0/download
    checksum: sha256:3a786369d02a9dffe8ca924045782773400c3b3375978ccf1fa8f3c4bae47171
  some-skill-1780816643949:
    version: 1.0.0
    resolved: http://localhost:3001/api/packages/some-skill-1780816643949/1.0.0/download
    checksum: sha256:c906f8ad8b0224a4db5bc6bee913c643dd5d1ac8ffb4adc4ececf918959883e2
  some-skill-1780816742366:
    version: 1.0.0
    resolved: http://localhost:3001/api/packages/some-skill-1780816742366/1.0.0/download
    checksum: sha256:c7743d33e4223696578c3b58bd80a01c0650dc8a8121bdcc962af92feb27d80c
  some-skill-1780816866362:
    version: 1.0.0
    resolved: http://localhost:3001/api/packages/some-skill-1780816866362/1.0.0/download
    checksum: sha256:8838fc25a01c16050a8d93a72a433672de9a1bbbd5b6c3f9503c920d7c2a50f2
  some-skill-1780816963520:
    version: 1.0.0
    resolved: http://localhost:3001/api/packages/some-skill-1780816963520/1.0.0/download
    checksum: sha256:d2814ead67cf441fe8609592abf6398447bc4b1c206de59ea09861c5d2370632
  some-skill-1780817131964:
    version: 1.0.0
    resolved: http://localhost:3001/api/packages/some-skill-1780817131964/1.0.0/download
    checksum: sha256:3bd4d87b52201d03749db524b849d16b56a32c0f22756e51d37dd220bf59825e
  some-skill-1780817274286:
    version: 1.0.0
    resolved: http://localhost:3001/api/packages/some-skill-1780817274286/1.0.0/download
    checksum: sha256:b4079b02e16db90f5c083d7f305a3e5137167724abc5634ac4e66b524d562baf
  some-skill-1780817397816:
    version: 1.0.0
    resolved: http://localhost:3001/api/packages/some-skill-1780817397816/1.0.0/download
    checksum: sha256:1e99ffab7eff4161b93c68af8576b8bbb0c7a48183f39d53692f81b2d8cfc466
  some-skill-1780817515042:
    version: 1.0.0
    resolved: http://localhost:3001/api/packages/some-skill-1780817515042/1.0.0/download
    checksum: sha256:68bd206d688bf1db9c7c60333928fd574183075793f7a40d5867d8017717e54d
  some-skill-1780817725832:
    version: 1.0.0
    resolved: http://localhost:3001/api/packages/some-skill-1780817725832/1.0.0/download
    checksum: sha256:b4a3699a90e2810cd3abc707db56a7ca27110c4d13bc32568267c9196563748e
  some-skill-1780818244127:
    version: 1.0.0
    resolved: http://localhost:3001/api/packages/some-skill-1780818244127/1.0.0/download
    checksum: sha256:575a151c8a21b184220e0d4018784458c2f3d278b3f4121dc04322e04765bc51
  some-skill-1780818465879:
    version: 1.0.0
    resolved: http://localhost:3001/api/packages/some-skill-1780818465879/1.0.0/download
    checksum: sha256:966133d8d31a861d13f00b7c9b3757688cfda51b0fa1f81ffcf6b821f43b0267
  some-skill-1780818652642:
    version: 1.0.0
    resolved: http://localhost:3001/api/packages/some-skill-1780818652642/1.0.0/download
    checksum: sha256:b04b85366e749155b3bf441d18422800e0c4ae1ce90f3c2e3a74f536b9cc1c06
  some-skill-1780819092085:
    version: 1.0.0
    resolved: http://127.0.0.1:3001/api/packages/some-skill-1780819092085/1.0.0/download
    checksum: sha256:a7b530ebde76bd15ead708c8b4fc974172f78efee8bcaecae05555c02851009b
  some-skill-1780819683630:
    version: 1.0.0
    resolved: http://127.0.0.1:3001/api/packages/some-skill-1780819683630/1.0.0/download
    checksum: sha256:e160ea72e31956b1806f9e7e39b88deb77d348a789ebc4eaf5d16f70ae2cef1b
  some-skill-1780820086181:
    version: 1.0.0
    resolved: http://127.0.0.1:3001/api/packages/some-skill-1780820086181/1.0.0/download
    checksum: sha256:8bc55cf52bf0b96d86e55e98e4646c44847b5afdca549fbddef75a10add343df
  some-skill-1780826729227:
    version: 1.0.0
    resolved: http://127.0.0.1:3001/api/packages/some-skill-1780826729227/1.0.0/download
    checksum: sha256:b122358a5b42de7783a721be9be4208d98d53cd1db55c2408c4d1deae022f2f7
agents: {}
mcp_servers: {}
